
Microsoft Visual Studio Solution File, Format Version 12.00
# Visual Studio 15
VisualStudioVersion = 15.0.27703.2035
MinimumVisualStudioVersion = 10.0.40219.1
Project("{FAE04EC0-301F-11D3-BF4B-00C04F79EFBC}") = "CxliteUygulama2", "CxliteUygulama2\CxliteUygulama2.csproj", "{600D2D19-58C0-4E38-A9C7-73AD2496CE66}"
EndProject
Global
	GlobalSection(SolutionConfigurationPlatforms) = preSolution
		Debug|Any CPU = Debug|Any CPU
		Release|Any CPU = Release|Any CPU
	EndGlobalSection
	GlobalSection(ProjectConfigurationPlatforms) = postSolution
		{600D2D19-58C0-4E38-A9C7-73AD2496CE66}.Debug|Any CPU.ActiveCfg = Debug|Any CPU
		{600D2D19-58C0-4E38-A9C7-73AD2496CE66}.Debug|Any CPU.Build.0 = Debug|Any CPU
		{600D2D19-58C0-4E38-A9C7-73AD2496CE66}.Release|Any CPU.ActiveCfg = Release|Any CPU
		{600D2D19-58C0-4E38-A9C7-73AD2496CE66}.Release|Any CPU.Build.0 = Release|Any CPU
	EndGlobalSection
	GlobalSection(SolutionProperties) = preSolution
		HideSolutionNode = FALSE
	EndGlobalSection
	GlobalSection(ExtensibilityGlobals) = postSolution
		SolutionGuid = {B23E413D-C58E-42A7-B31A-3D33B0B9CC6B}
	EndGlobalSection
EndGlobal
