
Microsoft Visual Studio Solution File, Format Version 12.00
# Visual Studio 15
VisualStudioVersion = 15.0.27428.2015
MinimumVisualStudioVersion = 10.0.40219.1
Project("{FAE04EC0-301F-11D3-BF4B-00C04F79EFBC}") = "AdoNetBaglantiliMimari", "AdoNetBaglantiliMimari\AdoNetBaglantiliMimari.csproj", "{4C03FF5E-FCCA-4163-B8DF-AA1DF5426C20}"
EndProject
Global
	GlobalSection(SolutionConfigurationPlatforms) = preSolution
		Debug|Any CPU = Debug|Any CPU
		Release|Any CPU = Release|Any CPU
	EndGlobalSection
	GlobalSection(ProjectConfigurationPlatforms) = postSolution
		{4C03FF5E-FCCA-4163-B8DF-AA1DF5426C20}.Debug|Any CPU.ActiveCfg = Debug|Any CPU
		{4C03FF5E-FCCA-4163-B8DF-AA1DF5426C20}.Debug|Any CPU.Build.0 = Debug|Any CPU
		{4C03FF5E-FCCA-4163-B8DF-AA1DF5426C20}.Release|Any CPU.ActiveCfg = Release|Any CPU
		{4C03FF5E-FCCA-4163-B8DF-AA1DF5426C20}.Release|Any CPU.Build.0 = Release|Any CPU
	EndGlobalSection
	GlobalSection(SolutionProperties) = preSolution
		HideSolutionNode = FALSE
	EndGlobalSection
	GlobalSection(ExtensibilityGlobals) = postSolution
		SolutionGuid = {AE86FE1A-5459-4CE6-B8D4-6B631C017188}
	EndGlobalSection
EndGlobal
