
Microsoft Visual Studio Solution File, Format Version 12.00
# Visual Studio 15
VisualStudioVersion = 15.0.27703.2035
MinimumVisualStudioVersion = 10.0.40219.1
Project("{E24C65DC-7377-472B-9ABA-BC803B73C61A}") = "CxLiteWeb", "CxLiteWeb\", "{9B7E8CD0-081F-4424-8A67-9F720AB72FFC}"
	ProjectSection(WebsiteProperties) = preProject
		TargetFrameworkMoniker = ".NETFramework,Version%3Dv4.6.1"
		Debug.AspNetCompiler.VirtualPath = "/localhost_50864"
		Debug.AspNetCompiler.PhysicalPath = "CxLiteWeb\"
		Debug.AspNetCompiler.TargetPath = "PrecompiledWeb\localhost_50864\"
		Debug.AspNetCompiler.Updateable = "true"
		Debug.AspNetCompiler.ForceOverwrite = "true"
		Debug.AspNetCompiler.FixedNames = "false"
		Debug.AspNetCompiler.Debug = "True"
		Release.AspNetCompiler.VirtualPath = "/localhost_50864"
		Release.AspNetCompiler.PhysicalPath = "CxLiteWeb\"
		Release.AspNetCompiler.TargetPath = "PrecompiledWeb\localhost_50864\"
		Release.AspNetCompiler.Updateable = "true"
		Release.AspNetCompiler.ForceOverwrite = "true"
		Release.AspNetCompiler.FixedNames = "false"
		Release.AspNetCompiler.Debug = "False"
		VWDPort = "50864"
		SlnRelativePath = "CxLiteWeb\"
		DefaultWebSiteLanguage = "Visual C#"
	EndProjectSection
EndProject
Global
	GlobalSection(SolutionConfigurationPlatforms) = preSolution
		Debug|Any CPU = Debug|Any CPU
	EndGlobalSection
	GlobalSection(ProjectConfigurationPlatforms) = postSolution
		{9B7E8CD0-081F-4424-8A67-9F720AB72FFC}.Debug|Any CPU.ActiveCfg = Debug|Any CPU
		{9B7E8CD0-081F-4424-8A67-9F720AB72FFC}.Debug|Any CPU.Build.0 = Debug|Any CPU
	EndGlobalSection
	GlobalSection(SolutionProperties) = preSolution
		HideSolutionNode = FALSE
	EndGlobalSection
	GlobalSection(ExtensibilityGlobals) = postSolution
		SolutionGuid = {82641D80-E377-4E81-B8CA-E800610049B7}
	EndGlobalSection
EndGlobal
