
Microsoft Visual Studio Solution File, Format Version 12.00
# Visual Studio 15
VisualStudioVersion = 15.0.27703.2035
MinimumVisualStudioVersion = 10.0.40219.1
Project("{FAE04EC0-301F-11D3-BF4B-00C04F79EFBC}") = "HataFirlatma", "HataFirlatma\HataFirlatma.csproj", "{35F3128A-06CB-4949-BF33-85CCA5DCA03F}"
EndProject
Global
	GlobalSection(SolutionConfigurationPlatforms) = preSolution
		Debug|Any CPU = Debug|Any CPU
		Release|Any CPU = Release|Any CPU
	EndGlobalSection
	GlobalSection(ProjectConfigurationPlatforms) = postSolution
		{35F3128A-06CB-4949-BF33-85CCA5DCA03F}.Debug|Any CPU.ActiveCfg = Debug|Any CPU
		{35F3128A-06CB-4949-BF33-85CCA5DCA03F}.Debug|Any CPU.Build.0 = Debug|Any CPU
		{35F3128A-06CB-4949-BF33-85CCA5DCA03F}.Release|Any CPU.ActiveCfg = Release|Any CPU
		{35F3128A-06CB-4949-BF33-85CCA5DCA03F}.Release|Any CPU.Build.0 = Release|Any CPU
	EndGlobalSection
	GlobalSection(SolutionProperties) = preSolution
		HideSolutionNode = FALSE
	EndGlobalSection
	GlobalSection(ExtensibilityGlobals) = postSolution
		SolutionGuid = {A5EF9F93-9C2E-4859-B297-00775A323D3A}
	EndGlobalSection
EndGlobal
