
Microsoft Visual Studio Solution File, Format Version 12.00
# Visual Studio 15
VisualStudioVersion = 15.0.27703.2035
MinimumVisualStudioVersion = 10.0.40219.1
Project("{FAE04EC0-301F-11D3-BF4B-00C04F79EFBC}") = "TCPSocketClient", "TCPSocketClient\TCPSocketClient.csproj", "{68D8A7F1-78A3-4A27-9C60-C46C5AE0FC0C}"
EndProject
Global
	GlobalSection(SolutionConfigurationPlatforms) = preSolution
		Debug|Any CPU = Debug|Any CPU
		Release|Any CPU = Release|Any CPU
	EndGlobalSection
	GlobalSection(ProjectConfigurationPlatforms) = postSolution
		{68D8A7F1-78A3-4A27-9C60-C46C5AE0FC0C}.Debug|Any CPU.ActiveCfg = Debug|Any CPU
		{68D8A7F1-78A3-4A27-9C60-C46C5AE0FC0C}.Debug|Any CPU.Build.0 = Debug|Any CPU
		{68D8A7F1-78A3-4A27-9C60-C46C5AE0FC0C}.Release|Any CPU.ActiveCfg = Release|Any CPU
		{68D8A7F1-78A3-4A27-9C60-C46C5AE0FC0C}.Release|Any CPU.Build.0 = Release|Any CPU
	EndGlobalSection
	GlobalSection(SolutionProperties) = preSolution
		HideSolutionNode = FALSE
	EndGlobalSection
	GlobalSection(ExtensibilityGlobals) = postSolution
		SolutionGuid = {4143DC6E-532B-4439-81AA-A5CF0AF42FA5}
	EndGlobalSection
EndGlobal
