
Microsoft Visual Studio Solution File, Format Version 12.00
# Visual Studio 15
VisualStudioVersion = 15.0.27428.2015
MinimumVisualStudioVersion = 10.0.40219.1
Project("{FAE04EC0-301F-11D3-BF4B-00C04F79EFBC}") = "AdoNetBaglantisizMimari", "AdoNetBaglantisizMimari\AdoNetBaglantisizMimari.csproj", "{42B5FDA6-01D8-4E70-9D5E-8AA5F716A1FF}"
EndProject
Global
	GlobalSection(SolutionConfigurationPlatforms) = preSolution
		Debug|Any CPU = Debug|Any CPU
		Release|Any CPU = Release|Any CPU
	EndGlobalSection
	GlobalSection(ProjectConfigurationPlatforms) = postSolution
		{42B5FDA6-01D8-4E70-9D5E-8AA5F716A1FF}.Debug|Any CPU.ActiveCfg = Debug|Any CPU
		{42B5FDA6-01D8-4E70-9D5E-8AA5F716A1FF}.Debug|Any CPU.Build.0 = Debug|Any CPU
		{42B5FDA6-01D8-4E70-9D5E-8AA5F716A1FF}.Release|Any CPU.ActiveCfg = Release|Any CPU
		{42B5FDA6-01D8-4E70-9D5E-8AA5F716A1FF}.Release|Any CPU.Build.0 = Release|Any CPU
	EndGlobalSection
	GlobalSection(SolutionProperties) = preSolution
		HideSolutionNode = FALSE
	EndGlobalSection
	GlobalSection(ExtensibilityGlobals) = postSolution
		SolutionGuid = {4AD4F1E5-B241-4CE1-A465-E07C2EAE8FAB}
	EndGlobalSection
EndGlobal
